// !$*UTF8*$!
{
	archiveVersion = 1;
	classes = {
	};
	objectVersion = 46;
	objects = {

/* Begin PBXBuildFile section */
		99B6FC441E18A7B2002799EF /* AppDelegate.swift in Sources */ = {isa = PBXBuildFile; fileRef = 99B6FC431E18A7B2002799EF /* AppDelegate.swift */; };
		99B6FC461E18A7B2002799EF /* ViewController.swift in Sources */ = {isa = PBXBuildFile; fileRef = 99B6FC451E18A7B2002799EF /* ViewController.swift */; };
		99B6FC491E18A7B2002799EF /* Main.storyboard in Resources */ = {isa = PBXBuildFile; fileRef = 99B6FC471E18A7B2002799EF /* Main.storyboard */; };
		99B6FC4B1E18A7B2002799EF /* Assets.xcassets in Resources */ = {isa = PBXBuildFile; fileRef = 99B6FC4A1E18A7B2002799EF /* Assets.xcassets */; };
		99B6FC4E1E18A7B2002799EF /* LaunchScreen.storyboard in Resources */ = {isa = PBXBuildFile; fileRef = 99B6FC4C1E18A7B2002799EF /* LaunchScreen.storyboard */; };
		99B6FC561E18B155002799EF /* PercentViewController.swift in Sources */ = {isa = PBXBuildFile; fileRef = 99B6FC551E18B155002799EF /* PercentViewController.swift */; };
		99B6FC5A1E18B5BD002799EF /* ResultViewController.swift in Sources */ = {isa = PBXBuildFile; fileRef = 99B6FC591E18B5BD002799EF /* ResultViewController.swift */; };
/* End PBXBuildFile section */

/* Begin PBXFileReference section */
		99B6FC401E18A7B2002799EF /* discount-calculation.app */ = {isa = PBXFileReference; explicitFileType = wrapper.application; includeInIndex = 0; path = "discount-calculation.app"; sourceTree = BUILT_PRODUCTS_DIR; };
		99B6FC431E18A7B2002799EF /* AppDelegate.swift */ = {isa = PBXFileReference; lastKnownFileType = sourcecode.swift; path = AppDelegate.swift; sourceTree = "<group>"; };
		99B6FC451E18A7B2002799EF /* ViewController.swift */ = {isa = PBXFileReference; lastKnownFileType = sourcecode.swift; path = ViewController.swift; sourceTree = "<group>"; };
		99B6FC481E18A7B2002799EF /* Base */ = {isa = PBXFileReference; lastKnownFileType = file.storyboard; name = Base; path = Base.lproj/Main.storyboard; sourceTree = "<group>"; };
		99B6FC4A1E18A7B2002799EF /* Assets.xcassets */ = {isa = PBXFileReference; lastKnownFileType = folder.assetcatalog; path = Assets.xcassets; sourceTree = "<group>"; };
		99B6FC4D1E18A7B2002799EF /* Base */ = {isa = PBXFileReference; lastKnownFileType = file.storyboard; name = Base; path = Base.lproj/LaunchScreen.storyboard; sourceTree = "<group>"; };
		99B6FC4F1E18A7B2002799EF /* Info.plist */ = {isa = PBXFileReference; lastKnownFileType = text.plist.xml; path = Info.plist; sourceTree = "<group>"; };
		99B6FC551E18B155002799EF /* PercentViewController.swift */ = {isa = PBXFileReference; fileEncoding = 4; lastKnownFileType = sourcecode.swift; path = PercentViewController.swift; sourceTree = "<group>"; };
		99B6FC591E18B5BD002799EF /* ResultViewController.swift */ = {isa = PBXFileReference; fileEncoding = 4; lastKnownFileType = sourcecode.swift; path = ResultViewController.swift; sourceTree = "<group>"; };
/* End PBXFileReference section */

/* Begin PBXFrameworksBuildPhase section */
		99B6FC3D1E18A7B2002799EF /* Frameworks */ = {
			isa = PBXFrameworksBuildPhase;
			buildActionMask = 2147483647;
			files = (
			);
			runOnlyForDeploymentPostprocessing = 0;
		};
/* End PBXFrameworksBuildPhase section */

/* Begin PBXGroup section */
		99B6FC371E18A7B2002799EF = {
			isa = PBXGroup;
			children = (
				99B6FC421E18A7B2002799EF /* discount-calculation */,
				99B6FC411E18A7B2002799EF /* Products */,
			);
			sourceTree = "<group>";
		};
		99B6FC411E18A7B2002799EF /* Products */ = {
			isa = PBXGroup;
			children = (
				99B6FC401E18A7B2002799EF /* discount-calculation.app */,
			);
			name = Products;
			sourceTree = "<group>";
		};
		99B6FC421E18A7B2002799EF /* discount-calculation */ = {
			isa = PBXGroup;
			children = (
				99B6FC591E18B5BD002799EF /* ResultViewController.swift */,
				99B6FC431E18A7B2002799EF /* AppDelegate.swift */,
				99B6FC451E18A7B2002799EF /* ViewController.swift */,
				99B6FC471E18A7B2002799EF /* Main.storyboard */,
				99B6FC551E18B155002799EF /* PercentViewController.swift */,
				99B6FC4A1E18A7B2002799EF /* Assets.xcassets */,
				99B6FC4C1E18A7B2002799EF /* LaunchScreen.storyboard */,
				99B6FC4F1E18A7B2002799EF /* Info.plist */,
			);
			path = "discount-calculation";
			sourceTree = "<group>";
		};
/* End PBXGroup section */

/* Begin PBXNativeTarget section */
		99B6FC3F1E18A7B2002799EF /* discount-calculation */ = {
			isa = PBXNativeTarget;
			buildConfigurationList = 99B6FC521E18A7B2002799EF /* Build configuration list for PBXNativeTarget "discount-calculation" */;
			buildPhases = (
				99B6FC3C1E18A7B2002799EF /* Sources */,
				99B6FC3D1E18A7B2002799EF /* Frameworks */,
				99B6FC3E1E18A7B2002799EF /* Resources */,
			);
			buildRules = (
			);
			dependencies = (
			);
			name = "discount-calculation";
			productName = "discount-calculation";
			productReference = 99B6FC401E18A7B2002799EF /* discount-calculation.app */;
			productType = "com.apple.product-type.application";
		};
/* End PBXNativeTarget section */

/* Begin PBXProject section */
		99B6FC381E18A7B2002799EF /* Project object */ = {
			isa = PBXProject;
			attributes = {
				LastSwiftUpdateCheck = 0810;
				LastUpgradeCheck = 0810;
				ORGANIZATIONNAME = nobu;
				TargetAttributes = {
					99B6FC3F1E18A7B2002799EF = {
						CreatedOnToolsVersion = 8.1;
						DevelopmentTeam = F8A3U5VSLU;
						ProvisioningStyle = Automatic;
					};
				};
			};
			buildConfigurationList = 99B6FC3B1E18A7B2002799EF /* Build configuration list for PBXProject "discount-calculation" */;
			compatibilityVersion = "Xcode 3.2";
			developmentRegion = English;
			hasScannedForEncodings = 0;
			knownRegions = (
				en,
				Base,
			);
			mainGroup = 99B6FC371E18A7B2002799EF;
			productRefGroup = 99B6FC411E18A7B2002799EF /* Products */;
			projectDirPath = "";
			projectRoot = "";
			targets = (
				99B6FC3F1E18A7B2002799EF /* discount-calculation */,
			);
		};
/* End PBXProject section */

/* Begin PBXResourcesBuildPhase section */
		99B6FC3E1E18A7B2002799EF /* Resources */ = {
			isa = PBXResourcesBuildPhase;
			buildActionMask = 2147483647;
			files = (
				99B6FC4E1E18A7B2002799EF /* LaunchScreen.storyboard in Resources */,
				99B6FC4B1E18A7B2002799EF /* Assets.xcassets in Resources */,
				99B6FC491E18A7B2002799EF /* Main.storyboard in Resources */,
			);
			runOnlyForDeploymentPostprocessing = 0;
		};
/* End PBXResourcesBuildPhase section */

/* Begin PBXSourcesBuildPhase section */
		99B6FC3C1E18A7B2002799EF /* Sources */ = {
			isa = PBXSourcesBuildPhase;
			buildActionMask = 2147483647;
			files = (
				99B6FC461E18A7B2002799EF /* ViewController.swift in Sources */,
				99B6FC441E18A7B2002799EF /* AppDelegate.swift in Sources */,
				99B6FC561E18B155002799EF /* PercentViewController.swift in Sources */,
				99B6FC5A1E18B5BD002799EF /* ResultViewController.swift in Sources */,
			);
			runOnlyForDeploymentPostprocessing = 0;
		};
/* End PBXSourcesBuildPhase section */

/* Begin PBXVariantGroup section */
		99B6FC471E18A7B2002799EF /* Main.storyboard */ = {
			isa = PBXVariantGroup;
			children = (
				99B6FC481E18A7B2002799EF /* Base */,
			);
			name = Main.storyboard;
			sourceTree = "<group>";
		};
		99B6FC4C1E18A7B2002799EF /* LaunchScreen.storyboard */ = {
			isa = PBXVariantGroup;
			children = (
				99B6FC4D1E18A7B2002799EF /* Base */,
			);
			name = LaunchScreen.storyboard;
			sourceTree = "<group>";
		};
/* End PBXVariantGroup section */

/* Begin XCBuildConfiguration section */
		99B6FC501E18A7B2002799EF /* Debug */ = {
			isa = XCBuildConfiguration;
			buildSettings = {
				ALWAYS_SEARCH_USER_PATHS = NO;
				CLANG_ANALYZER_NONNULL = YES;
				CLANG_CXX_LANGUAGE_STANDARD = "gnu++0x";
				CLANG_CXX_LIBRARY = "libc++";
				CLANG_ENABLE_MODULES = YES;
				CLANG_ENABLE_OBJC_ARC = YES;
				CLANG_WARN_BOOL_CONVERSION = YES;
				CLANG_WARN_CONSTANT_CONVERSION = YES;
				CLANG_WARN_DIRECT_OBJC_ISA_USAGE = YES_ERROR;
				CLANG_WARN_DOCUMENTATION_COMMENTS = YES;
				CLANG_WARN_EMPTY_BODY = YES;
				CLANG_WARN_ENUM_CONVERSION = YES;
				CLANG_WARN_INFINITE_RECURSION = YES;
				CLANG_WARN_INT_CONVERSION = YES;
				CLANG_WARN_OBJC_ROOT_CLASS = YES_ERROR;
				CLANG_WARN_SUSPICIOUS_MOVES = YES;
				CLANG_WARN_UNREACHABLE_CODE = YES;
				CLANG_WARN__DUPLICATE_METHOD_MATCH = YES;
				"CODE_SIGN_IDENTITY[sdk=iphoneos*]" = "iPhone Developer";
				COPY_PHASE_STRIP = NO;
				DEBUG_INFORMATION_FORMAT = dwarf;
				ENABLE_STRICT_OBJC_MSGSEND = YES;
				ENABLE_TESTABILITY = YES;
				GCC_C_LANGUAGE_STANDARD = gnu99;
				GCC_DYNAMIC_NO_PIC = NO;
				GCC_NO_COMMON_BLOCKS = YES;
				GCC_OPTIMIZATION_LEVEL = 0;
				GCC_PREPROCESSOR_DEFINITIONS = (
					"DEBUG=1",
					"$(inherited)",
				);
				GCC_WARN_64_TO_32_BIT_CONVERSION = YES;
				GCC_WARN_ABOUT_RETURN_TYPE = YES_ERROR;
				GCC_WARN_UNDECLARED_SELECTOR = YES;
				GCC_WARN_UNINITIALIZED_AUTOS = YES_AGGRESSIVE;
				GCC_WARN_UNUSED_FUNCTION = YES;
				GCC_WARN_UNUSED_VARIABLE = YES;
				IPHONEOS_DEPLOYMENT_TARGET = 10.1;
				MTL_ENABLE_DEBUG_INFO = YES;
				ONLY_ACTIVE_ARCH = YES;
				SDKROOT = iphoneos;
				SWIFT_ACTIVE_COMPILATION_CONDITIONS = DEBUG;
				SWIFT_OPTIMIZATION_LEVEL = "-Onone";
				TARGETED_DEVICE_FAMILY = "1,2";
			};
			name = Debug;
		};
		99B6FC511E18A7B2002799EF /* Release */ = {
			isa = XCBuildConfiguration;
			buildSettings = {
				ALWAYS_SEARCH_USER_PATHS = NO;
				CLANG_ANALYZER_NONNULL = YES;
				CLANG_CXX_LANGUAGE_STANDARD = "gnu++0x";
				CLANG_CXX_LIBRARY = "libc++";
				CLANG_ENABLE_MODULES = YES;
				CLANG_ENABLE_OBJC_ARC = YES;
				CLANG_WARN_BOOL_CONVERSION = YES;
				CLANG_WARN_CONSTANT_CONVERSION = YES;
				CLANG_WARN_DIRECT_OBJC_ISA_USAGE = YES_ERROR;
				CLANG_WARN_DOCUMENTATION_COMMENTS = YES;
				CLANG_WARN_EMPTY_BODY = YES;
				CLANG_WARN_ENUM_CONVERSION = YES;
				CLANG_WARN_INFINITE_RECURSION = YES;
				CLANG_WARN_INT_CONVERSION = YES;
				CLANG_WARN_OBJC_ROOT_CLASS = YES_ERROR;
				CLANG_WARN_SUSPICIOUS_MOVES = YES;
				CLANG_WARN_UNREACHABLE_CODE = YES;
				CLANG_WARN__DUPLICATE_METHOD_MATCH = YES;
				"CODE_SIGN_IDENTITY[sdk=iphoneos*]" = "iPhone Developer";
				COPY_PHASE_STRIP = NO;
				DEBUG_INFORMATION_FORMAT = "dwarf-with-dsym";
				ENABLE_NS_ASSERTIONS = NO;
				ENABLE_STRICT_OBJC_MSGSEND = YES;
				GCC_C_LANGUAGE_STANDARD = gnu99;
				GCC_NO_COMMON_BLOCKS = YES;
				GCC_WARN_64_TO_32_BIT_CONVERSION = YES;
				GCC_WARN_ABOUT_RETURN_TYPE = YES_ERROR;
				GCC_WARN_UNDECLARED_SELECTOR = YES;
				GCC_WARN_UNINITIALIZED_AUTOS = YES_AGGRESSIVE;
				GCC_WARN_UNUSED_FUNCTION = YES;
				GCC_WARN_UNUSED_VARIABLE = YES;
				IPHONEOS_DEPLOYMENT_TARGET = 10.1;
				MTL_ENABLE_DEBUG_INFO = NO;
				SDKROOT = iphoneos;
				SWIFT_OPTIMIZATION_LEVEL = "-Owholemodule";
				TARGETED_DEVICE_FAMILY = "1,2";
				VALIDATE_PRODUCT = YES;
			};
			name = Release;
		};
		99B6FC531E18A7B2002799EF /* Debug */ = {
			isa = XCBuildConfiguration;
			buildSettings = {
				ASSETCATALOG_COMPILER_APPICON_NAME = AppIcon;
				DEVELOPMENT_TEAM = F8A3U5VSLU;
				INFOPLIST_FILE = "discount-calculation/Info.plist";
				LD_RUNPATH_SEARCH_PATHS = "$(inherited) @executable_path/Frameworks";
				PRODUCT_BUNDLE_IDENTIFIER = "com.nobu.discount-calculation";
				PRODUCT_NAME = "$(TARGET_NAME)";
				SWIFT_VERSION = 3.0;
			};
			name = Debug;
		};
		99B6FC541E18A7B2002799EF /* Release */ = {
			isa = XCBuildConfiguration;
			buildSettings = {
				ASSETCATALOG_COMPILER_APPICON_NAME = AppIcon;
				DEVELOPMENT_TEAM = F8A3U5VSLU;
				INFOPLIST_FILE = "discount-calculation/Info.plist";
				LD_RUNPATH_SEARCH_PATHS = "$(inherited) @executable_path/Frameworks";
				PRODUCT_BUNDLE_IDENTIFIER = "com.nobu.discount-calculation";
				PRODUCT_NAME = "$(TARGET_NAME)";
				SWIFT_VERSION = 3.0;
			};
			name = Release;
		};
/* End XCBuildConfiguration section */

/* Begin XCConfigurationList section */
		99B6FC3B1E18A7B2002799EF /* Build configuration list for PBXProject "discount-calculation" */ = {
			isa = XCConfigurationList;
			buildConfigurations = (
				99B6FC501E18A7B2002799EF /* Debug */,
				99B6FC511E18A7B2002799EF /* Release */,
			);
			defaultConfigurationIsVisible = 0;
			defaultConfigurationName = Release;
		};
		99B6FC521E18A7B2002799EF /* Build configuration list for PBXNativeTarget "discount-calculation" */ = {
			isa = XCConfigurationList;
			buildConfigurations = (
				99B6FC531E18A7B2002799EF /* Debug */,
				99B6FC541E18A7B2002799EF /* Release */,
			);
			defaultConfigurationIsVisible = 0;
		};
/* End XCConfigurationList section */
	};
	rootObject = 99B6FC381E18A7B2002799EF /* Project object */;
}
